{
  "projects": [
    {
      "projectId": "9Vr5YWkf3w7jj6SsTcCEta",
      "version": "0.3.0",
      "dependencies": {},
      "lang": "ts",
      "fileLocks": [
        {
          "assetId": "9Vr5YWkf3w7jj6SsTcCEta",
          "type": "projectCss",
          "checksum": "e1ec850476829c38b0f9b6d4f7ac446a"
        }
      ],
      "codegenVersion": "0.0.1"
    },
    {
      "projectId": "caTPwKxj5ZrD9LQ7DMdK4Z",
      "version": "3.24.0",
      "dependencies": {},
      "lang": "ts",
      "fileLocks": [
        {
          "assetId": "caTPwKxj5ZrD9LQ7DMdK4Z",
          "type": "projectCss",
          "checksum": "e1ec850476829c38b0f9b6d4f7ac446a"
        }
      ],
      "codegenVersion": "0.0.1"
    },
    {
      "projectId": "ohDidvG9XsCeFumugENU3J",
      "version": "6.1.0",
      "dependencies": {},
      "lang": "ts",
      "fileLocks": [
        {
          "assetId": "ohDidvG9XsCeFumugENU3J",
          "type": "projectCss",
          "checksum": "fd83b730367fdbde2c69bc6cf31c2a3c"
        },
        {
          "assetId": "ohDidvG9XsCeFumugENU3J",
          "checksum": "9edd6de3249e8ce87ee98f963fba1736",
          "type": "globalContexts"
        }
      ],
      "codegenVersion": "0.0.1"
    },
    {
      "projectId": "8PtdGodUbexNYgkuyBUcWu",
      "version": "3.18.0",
      "dependencies": {},
      "lang": "ts",
      "fileLocks": [
        {
          "assetId": "8PtdGodUbexNYgkuyBUcWu",
          "type": "projectCss",
          "checksum": "078b5be9aa4a8ea2a39b36c771c25aaa"
        },
        {
          "assetId": "8PtdGodUbexNYgkuyBUcWu",
          "checksum": "c48776bba1b3886e93349ddfa619cee9",
          "type": "globalContexts"
        }
      ],
      "codegenVersion": "0.0.1"
    },
    {
      "projectId": "nmyTYNEmJ2A5WnCGcgGrL1",
      "version": "latest",
      "dependencies": {
        "8PtdGodUbexNYgkuyBUcWu": "3.18.0",
        "ohDidvG9XsCeFumugENU3J": "6.1.0",
        "caTPwKxj5ZrD9LQ7DMdK4Z": "3.24.0",
        "9Vr5YWkf3w7jj6SsTcCEta": "0.3.0"
      },
      "lang": "ts",
      "fileLocks": [
        {
          "type": "globalVariant",
          "assetId": "bV5kpnkZ7-FG",
          "checksum": "50ba7dea0eecad8476ff82e0c5281470"
        },
        {
          "assetId": "nmyTYNEmJ2A5WnCGcgGrL1",
          "type": "projectCss",
          "checksum": "c9df2affba02fa6fb16a43bbca10cc7c"
        },
        {
          "assetId": "nmyTYNEmJ2A5WnCGcgGrL1",
          "checksum": "03d1f872cfbd744cc88d8426d5b126a7",
          "type": "globalContexts"
        },
        {
          "type": "renderModule",
          "assetId": "NjbCRfBeC7VE",
          "checksum": "633fe7eb9bd7ccd2f352d024d2fef33f"
        },
        {
          "type": "cssRules",
          "assetId": "NjbCRfBeC7VE",
          "checksum": "633fe7eb9bd7ccd2f352d024d2fef33f"
        },
        {
          "type": "renderModule",
          "assetId": "kYndQMS-S_zb",
          "checksum": "9e9d4199077529a3af4761f0d902aed1"
        },
        {
          "type": "cssRules",
          "assetId": "kYndQMS-S_zb",
          "checksum": "9e9d4199077529a3af4761f0d902aed1"
        },
        {
          "type": "renderModule",
          "assetId": "H05AAQFjGMuV",
          "checksum": "8ef09a0849b22148d1a0266f50c275e3"
        },
        {
          "type": "cssRules",
          "assetId": "H05AAQFjGMuV",
          "checksum": "8ef09a0849b22148d1a0266f50c275e3"
        },
        {
          "type": "renderModule",
          "assetId": "YpV6bnaLfsLh",
          "checksum": "fedf3353cd1b52fec4811a8afae0786a"
        },
        {
          "type": "cssRules",
          "assetId": "YpV6bnaLfsLh",
          "checksum": "fedf3353cd1b52fec4811a8afae0786a"
        },
        {
          "type": "renderModule",
          "assetId": "6H_b-lY_Llg6",
          "checksum": "d0e4d2688a72248760bb0b83147d64af"
        },
        {
          "type": "cssRules",
          "assetId": "6H_b-lY_Llg6",
          "checksum": "d0e4d2688a72248760bb0b83147d64af"
        },
        {
          "type": "renderModule",
          "assetId": "-_KDpo6c0THv",
          "checksum": "a029e79c429063a3782805ff178e4aac"
        },
        {
          "type": "cssRules",
          "assetId": "-_KDpo6c0THv",
          "checksum": "a029e79c429063a3782805ff178e4aac"
        },
        {
          "type": "renderModule",
          "assetId": "iS2GUlSy3S5A",
          "checksum": "28bfbbaa0a44fe4b145ccf03ab4c29e5"
        },
        {
          "type": "cssRules",
          "assetId": "iS2GUlSy3S5A",
          "checksum": "28bfbbaa0a44fe4b145ccf03ab4c29e5"
        },
        {
          "type": "renderModule",
          "assetId": "QHCdNAonmipA",
          "checksum": "1979131f998df38f550182d5575f9cb3"
        },
        {
          "type": "cssRules",
          "assetId": "QHCdNAonmipA",
          "checksum": "1979131f998df38f550182d5575f9cb3"
        },
        {
          "type": "icon",
          "assetId": "pZ5JcPOId6dF",
          "checksum": "ee690cb37ebbf4e6c57c3997e824ce0a"
        },
        {
          "type": "icon",
          "assetId": "TFvyB5JGmM-J",
          "checksum": "beaf7279b2f9b09a541b9246e2d659ab"
        },
        {
          "type": "icon",
          "assetId": "TYEYCoF9TD4A",
          "checksum": "6f63bf4b394c51ae10f551b6b0cbe88e"
        },
        {
          "type": "icon",
          "assetId": "M0IQPhIiz9Ak",
          "checksum": "4788449b013a92f12186b40cf3465efa"
        },
        {
          "type": "icon",
          "assetId": "RrvD7pKBPuIu",
          "checksum": "de2f409cc7fe1c44fc7fa859de313ab1"
        },
        {
          "type": "image",
          "assetId": "7PhZBNNtWI-v",
          "checksum": "121a2a699da59e7c1c4da20552eedf71"
        },
        {
          "type": "image",
          "assetId": "pAqCLNsEJivp",
          "checksum": "0e48201286174ffd1843c149d8140633"
        },
        {
          "type": "image",
          "assetId": "GFEtfMqZ57uU",
          "checksum": "0f4ba3751c59c194949bc56dca976321"
        },
        {
          "type": "image",
          "assetId": "0gjsZghhTJvw",
          "checksum": "74afed72e122ec93cf0dfd514add32d2"
        },
        {
          "type": "image",
          "assetId": "R2kySJdIjTBd",
          "checksum": "47386cdcb8cf9a771914a48933905a3c"
        },
        {
          "type": "image",
          "assetId": "ZbD_E-thcL1I",
          "checksum": "215ee836a263c801b58f2170e585c609"
        },
        {
          "type": "image",
          "assetId": "1LjCPBL6Dmck",
          "checksum": "959bd7973d628acf7c23cb1ab9a29a33"
        },
        {
          "type": "image",
          "assetId": "-TW-UOho4OTh",
          "checksum": "1bda0abf9a35d30d0120fe583559915a"
        },
        {
          "type": "image",
          "assetId": "RVkxJ5_PFjkz",
          "checksum": "8c32789903cdd45e3763a0e0cea9151f"
        },
        {
          "type": "image",
          "assetId": "ZKRzlHKiloBT",
          "checksum": "831df04dd4cc9f89af524c397cf06672"
        },
        {
          "type": "image",
          "assetId": "prC2eHWJY7Nn",
          "checksum": "61d5a6b655ba71f3dea116ae737eac14"
        },
        {
          "type": "image",
          "assetId": "P0rXn6dbGbcd",
          "checksum": "1c3975688375028c6c8cec0796a4a952"
        },
        {
          "type": "image",
          "assetId": "sf64YLBlyNo1",
          "checksum": "1a8e9b7d8665bb63faa383a44156b5e2"
        },
        {
          "type": "image",
          "assetId": "RfXLYi4uFBUV",
          "checksum": "cb574bf3be1cf569ca70dea20e63b8b8"
        },
        {
          "type": "image",
          "assetId": "BL6cNuux1PTM",
          "checksum": "1a46d18709b6200068fb4d3a9360f33a"
        },
        {
          "type": "image",
          "assetId": "kS-oqrmMk1YB",
          "checksum": "82241e70d07790c64f0ed14123d4de26"
        }
      ],
      "codegenVersion": "0.0.1"
    }
  ],
  "cliVersion": "0.1.309"
}
